
Microsoft Visual Studio Solution File, Format Version 12.00
# Visual Studio 2013
VisualStudioVersion = 12.0.31101.0
MinimumVisualStudioVersion = 10.0.40219.1
Project("{FAE04EC0-301F-11D3-BF4B-00C04F79EFBC}") = "TextFileSplitter2012", "TextFileSplitter2012\TextFileSplitter2012.csproj", "{51B00B6A-F94A-4C7E-860A-487C9893FC9A}"
EndProject
Project("{2150E333-8FDC-42A3-9474-1A3956D46DE8}") = "Solution Items", "Solution Items", "{A6C86C09-9B0F-4BFF-AA1E-E20A9295D773}"
	ProjectSection(SolutionItems) = preProject
		Performance1.psess = Performance1.psess
		TestCases.txt = TestCases.txt
	EndProjectSection
EndProject
Project("{FAE04EC0-301F-11D3-BF4B-00C04F79EFBC}") = "FileHelpers", "FileHelpers\FileHelpers.csproj", "{EB8633FF-CEED-40EE-8D1A-CA1BF5678C42}"
EndProject
Project("{930C7802-8A8C-48F9-8165-68863BCCD9DD}") = "TextFileSplitterInstallx64", "TextFileSplitterInstallx64\TextFileSplitterInstallx64.wixproj", "{36B4B188-EAC8-477B-9596-B762F4920494}"
EndProject
Project("{FAE04EC0-301F-11D3-BF4B-00C04F79EFBC}") = "TextFileSplitter2008", "TextFileSplitter2008\TextFileSplitter2008.csproj", "{92EF89AC-2E05-4208-AE92-5EC67437713F}"
EndProject
Project("{FAE04EC0-301F-11D3-BF4B-00C04F79EFBC}") = "TextFileSplitter2014", "TextFileSplitter2014\TextFileSplitter2014.csproj", "{92EF89AD-2E05-4208-AE92-5EC67437713F}"
EndProject
Project("{930C7802-8A8C-48F9-8165-68863BCCD9DD}") = "TextFileSplitterInstallx86", "TextFileSplitterInstallx86\TextFileSplitterInstallx86.wixproj", "{7995D5C2-ED1A-42E4-8CCD-CA0276A50311}"
EndProject
Project("{FAE04EC0-301F-11D3-BF4B-00C04F79EFBC}") = "UnitTestTextFileSplitter2012", "UnitTestTextFileSplitter2012\UnitTestTextFileSplitter2012.csproj", "{6910816A-8EB5-4E8F-84CF-FA15FEBDB467}"
	ProjectSection(ProjectDependencies) = postProject
		{51B00B6A-F94A-4C7E-860A-487C9893FC9A} = {51B00B6A-F94A-4C7E-860A-487C9893FC9A}
		{EB8633FF-CEED-40EE-8D1A-CA1BF5678C42} = {EB8633FF-CEED-40EE-8D1A-CA1BF5678C42}
	EndProjectSection
EndProject
Global
	GlobalSection(TeamFoundationVersionControl) = preSolution
		SccNumberOfProjects = 8
		SccEnterpriseProvider = {4CA58AB2-18FA-4F8D-95D4-32DDF27D184C}
		SccTeamFoundationServer = https://martin-source.visualstudio.com/defaultcollection
		SccLocalPath0 = .
		SccProjectUniqueName1 = TextFileSplitter2012\\TextFileSplitter2012.csproj
		SccProjectName1 = TextFileSplitter2012
		SccLocalPath1 = TextFileSplitter2012
		SccProjectUniqueName2 = FileHelpers\\FileHelpers.csproj
		SccProjectName2 = FileHelpers
		SccLocalPath2 = FileHelpers
		SccProjectUniqueName3 = TextFileSplitter2008\\TextFileSplitter2008.csproj
		SccProjectName3 = TextFileSplitter2008
		SccLocalPath3 = TextFileSplitter2008
		SccProjectUniqueName4 = TextFileSplitterInstallx64\\TextFileSplitterInstallx64.wixproj
		SccProjectName4 = TextFileSplitterInstallx64
		SccLocalPath4 = TextFileSplitterInstallx64
		SccProjectUniqueName5 = TextFileSplitterInstallx86\\TextFileSplitterInstallx86.wixproj
		SccProjectName5 = TextFileSplitterInstallx86
		SccLocalPath5 = TextFileSplitterInstallx86
		SccProjectUniqueName6 = UnitTestTextFileSplitter2012\\UnitTestTextFileSplitter2012.csproj
		SccProjectName6 = UnitTestTextFileSplitter2012
		SccLocalPath6 = UnitTestTextFileSplitter2012
		SccProjectUniqueName7 = TextFileSplitter2014\\TextFileSplitter2014.csproj
		SccProjectName7 = TextFileSplitter2014
		SccLocalPath7 = TextFileSplitter2014
	EndGlobalSection
	GlobalSection(SolutionConfigurationPlatforms) = preSolution
		Debug|Any CPU = Debug|Any CPU
		Debug|Mixed Platforms = Debug|Mixed Platforms
		Debug|x64 = Debug|x64
		Debug|x86 = Debug|x86
		Release|Any CPU = Release|Any CPU
		Release|Mixed Platforms = Release|Mixed Platforms
		Release|x64 = Release|x64
		Release|x86 = Release|x86
		UnitTest|Any CPU = UnitTest|Any CPU
		UnitTest|Mixed Platforms = UnitTest|Mixed Platforms
		UnitTest|x64 = UnitTest|x64
		UnitTest|x86 = UnitTest|x86
	EndGlobalSection
	GlobalSection(ProjectConfigurationPlatforms) = postSolution
		{51B00B6A-F94A-4C7E-860A-487C9893FC9A}.Debug|Any CPU.ActiveCfg = Debug|Any CPU
		{51B00B6A-F94A-4C7E-860A-487C9893FC9A}.Debug|Any CPU.Build.0 = Debug|Any CPU
		{51B00B6A-F94A-4C7E-860A-487C9893FC9A}.Debug|Mixed Platforms.ActiveCfg = Debug|Any CPU
		{51B00B6A-F94A-4C7E-860A-487C9893FC9A}.Debug|Mixed Platforms.Build.0 = Debug|Any CPU
		{51B00B6A-F94A-4C7E-860A-487C9893FC9A}.Debug|x64.ActiveCfg = Debug|Any CPU
		{51B00B6A-F94A-4C7E-860A-487C9893FC9A}.Debug|x64.Build.0 = Debug|Any CPU
		{51B00B6A-F94A-4C7E-860A-487C9893FC9A}.Debug|x86.ActiveCfg = Debug|Any CPU
		{51B00B6A-F94A-4C7E-860A-487C9893FC9A}.Debug|x86.Build.0 = Debug|Any CPU
		{51B00B6A-F94A-4C7E-860A-487C9893FC9A}.Release|Any CPU.ActiveCfg = Release|Any CPU
		{51B00B6A-F94A-4C7E-860A-487C9893FC9A}.Release|Any CPU.Build.0 = Release|Any CPU
		{51B00B6A-F94A-4C7E-860A-487C9893FC9A}.Release|Mixed Platforms.ActiveCfg = Release|Any CPU
		{51B00B6A-F94A-4C7E-860A-487C9893FC9A}.Release|Mixed Platforms.Build.0 = Release|Any CPU
		{51B00B6A-F94A-4C7E-860A-487C9893FC9A}.Release|x64.ActiveCfg = Release|Any CPU
		{51B00B6A-F94A-4C7E-860A-487C9893FC9A}.Release|x86.ActiveCfg = Release|Any CPU
		{51B00B6A-F94A-4C7E-860A-487C9893FC9A}.UnitTest|Any CPU.ActiveCfg = UnitTest|Any CPU
		{51B00B6A-F94A-4C7E-860A-487C9893FC9A}.UnitTest|Any CPU.Build.0 = UnitTest|Any CPU
		{51B00B6A-F94A-4C7E-860A-487C9893FC9A}.UnitTest|Mixed Platforms.ActiveCfg = UnitTest|Any CPU
		{51B00B6A-F94A-4C7E-860A-487C9893FC9A}.UnitTest|Mixed Platforms.Build.0 = UnitTest|Any CPU
		{51B00B6A-F94A-4C7E-860A-487C9893FC9A}.UnitTest|x64.ActiveCfg = UnitTest|Any CPU
		{51B00B6A-F94A-4C7E-860A-487C9893FC9A}.UnitTest|x86.ActiveCfg = UnitTest|Any CPU
		{EB8633FF-CEED-40EE-8D1A-CA1BF5678C42}.Debug|Any CPU.ActiveCfg = Debug|Any CPU
		{EB8633FF-CEED-40EE-8D1A-CA1BF5678C42}.Debug|Any CPU.Build.0 = Debug|Any CPU
		{EB8633FF-CEED-40EE-8D1A-CA1BF5678C42}.Debug|Mixed Platforms.ActiveCfg = Debug|Any CPU
		{EB8633FF-CEED-40EE-8D1A-CA1BF5678C42}.Debug|Mixed Platforms.Build.0 = Debug|Any CPU
		{EB8633FF-CEED-40EE-8D1A-CA1BF5678C42}.Debug|x64.ActiveCfg = Debug|Any CPU
		{EB8633FF-CEED-40EE-8D1A-CA1BF5678C42}.Debug|x64.Build.0 = Debug|Any CPU
		{EB8633FF-CEED-40EE-8D1A-CA1BF5678C42}.Debug|x86.ActiveCfg = Debug|Any CPU
		{EB8633FF-CEED-40EE-8D1A-CA1BF5678C42}.Debug|x86.Build.0 = Debug|Any CPU
		{EB8633FF-CEED-40EE-8D1A-CA1BF5678C42}.Release|Any CPU.ActiveCfg = Release|Any CPU
		{EB8633FF-CEED-40EE-8D1A-CA1BF5678C42}.Release|Any CPU.Build.0 = Release|Any CPU
		{EB8633FF-CEED-40EE-8D1A-CA1BF5678C42}.Release|Mixed Platforms.ActiveCfg = Release|Any CPU
		{EB8633FF-CEED-40EE-8D1A-CA1BF5678C42}.Release|Mixed Platforms.Build.0 = Release|Any CPU
		{EB8633FF-CEED-40EE-8D1A-CA1BF5678C42}.Release|x64.ActiveCfg = Release|Any CPU
		{EB8633FF-CEED-40EE-8D1A-CA1BF5678C42}.Release|x86.ActiveCfg = Release|Any CPU
		{EB8633FF-CEED-40EE-8D1A-CA1BF5678C42}.UnitTest|Any CPU.ActiveCfg = Release|Any CPU
		{EB8633FF-CEED-40EE-8D1A-CA1BF5678C42}.UnitTest|Any CPU.Build.0 = Release|Any CPU
		{EB8633FF-CEED-40EE-8D1A-CA1BF5678C42}.UnitTest|Mixed Platforms.ActiveCfg = Release|Any CPU
		{EB8633FF-CEED-40EE-8D1A-CA1BF5678C42}.UnitTest|Mixed Platforms.Build.0 = Release|Any CPU
		{EB8633FF-CEED-40EE-8D1A-CA1BF5678C42}.UnitTest|x64.ActiveCfg = Release|Any CPU
		{EB8633FF-CEED-40EE-8D1A-CA1BF5678C42}.UnitTest|x86.ActiveCfg = Release|Any CPU
		{36B4B188-EAC8-477B-9596-B762F4920494}.Debug|Any CPU.ActiveCfg = Debug|x64
		{36B4B188-EAC8-477B-9596-B762F4920494}.Debug|Mixed Platforms.ActiveCfg = Debug|x86
		{36B4B188-EAC8-477B-9596-B762F4920494}.Debug|Mixed Platforms.Build.0 = Debug|x86
		{36B4B188-EAC8-477B-9596-B762F4920494}.Debug|x64.ActiveCfg = Debug|x64
		{36B4B188-EAC8-477B-9596-B762F4920494}.Debug|x64.Build.0 = Debug|x64
		{36B4B188-EAC8-477B-9596-B762F4920494}.Debug|x86.ActiveCfg = Debug|x64
		{36B4B188-EAC8-477B-9596-B762F4920494}.Debug|x86.Build.0 = Debug|x64
		{36B4B188-EAC8-477B-9596-B762F4920494}.Release|Any CPU.ActiveCfg = Release|x86
		{36B4B188-EAC8-477B-9596-B762F4920494}.Release|Mixed Platforms.ActiveCfg = Release|x86
		{36B4B188-EAC8-477B-9596-B762F4920494}.Release|Mixed Platforms.Build.0 = Release|x86
		{36B4B188-EAC8-477B-9596-B762F4920494}.Release|x64.ActiveCfg = Release|x64
		{36B4B188-EAC8-477B-9596-B762F4920494}.Release|x64.Build.0 = Release|x64
		{36B4B188-EAC8-477B-9596-B762F4920494}.Release|x86.ActiveCfg = Release|x86
		{36B4B188-EAC8-477B-9596-B762F4920494}.Release|x86.Build.0 = Release|x86
		{36B4B188-EAC8-477B-9596-B762F4920494}.UnitTest|Any CPU.ActiveCfg = Release|x86
		{36B4B188-EAC8-477B-9596-B762F4920494}.UnitTest|Mixed Platforms.ActiveCfg = Release|x86
		{36B4B188-EAC8-477B-9596-B762F4920494}.UnitTest|Mixed Platforms.Build.0 = Release|x86
		{36B4B188-EAC8-477B-9596-B762F4920494}.UnitTest|x64.ActiveCfg = Release|x64
		{36B4B188-EAC8-477B-9596-B762F4920494}.UnitTest|x64.Build.0 = Release|x64
		{36B4B188-EAC8-477B-9596-B762F4920494}.UnitTest|x86.ActiveCfg = Release|x86
		{36B4B188-EAC8-477B-9596-B762F4920494}.UnitTest|x86.Build.0 = Release|x86
		{92EF89AC-2E05-4208-AE92-5EC67437713F}.Debug|Any CPU.ActiveCfg = Debug|Any CPU
		{92EF89AC-2E05-4208-AE92-5EC67437713F}.Debug|Any CPU.Build.0 = Debug|Any CPU
		{92EF89AC-2E05-4208-AE92-5EC67437713F}.Debug|Mixed Platforms.ActiveCfg = Debug|Any CPU
		{92EF89AC-2E05-4208-AE92-5EC67437713F}.Debug|Mixed Platforms.Build.0 = Debug|Any CPU
		{92EF89AC-2E05-4208-AE92-5EC67437713F}.Debug|x64.ActiveCfg = Debug|Any CPU
		{92EF89AC-2E05-4208-AE92-5EC67437713F}.Debug|x64.Build.0 = Debug|Any CPU
		{92EF89AC-2E05-4208-AE92-5EC67437713F}.Debug|x86.ActiveCfg = Debug|Any CPU
		{92EF89AC-2E05-4208-AE92-5EC67437713F}.Debug|x86.Build.0 = Debug|Any CPU
		{92EF89AC-2E05-4208-AE92-5EC67437713F}.Release|Any CPU.ActiveCfg = Release|Any CPU
		{92EF89AC-2E05-4208-AE92-5EC67437713F}.Release|Any CPU.Build.0 = Release|Any CPU
		{92EF89AC-2E05-4208-AE92-5EC67437713F}.Release|Mixed Platforms.ActiveCfg = Release|Any CPU
		{92EF89AC-2E05-4208-AE92-5EC67437713F}.Release|Mixed Platforms.Build.0 = Release|Any CPU
		{92EF89AC-2E05-4208-AE92-5EC67437713F}.Release|x64.ActiveCfg = Release|Any CPU
		{92EF89AC-2E05-4208-AE92-5EC67437713F}.Release|x86.ActiveCfg = Release|Any CPU
		{92EF89AC-2E05-4208-AE92-5EC67437713F}.UnitTest|Any CPU.ActiveCfg = Release|Any CPU
		{92EF89AC-2E05-4208-AE92-5EC67437713F}.UnitTest|Any CPU.Build.0 = Release|Any CPU
		{92EF89AC-2E05-4208-AE92-5EC67437713F}.UnitTest|Mixed Platforms.ActiveCfg = Release|Any CPU
		{92EF89AC-2E05-4208-AE92-5EC67437713F}.UnitTest|Mixed Platforms.Build.0 = Release|Any CPU
		{92EF89AC-2E05-4208-AE92-5EC67437713F}.UnitTest|x64.ActiveCfg = Release|Any CPU
		{92EF89AC-2E05-4208-AE92-5EC67437713F}.UnitTest|x86.ActiveCfg = Release|Any CPU
		{92EF89AD-2E05-4208-AE92-5EC67437713F}.Debug|Any CPU.ActiveCfg = Debug|Any CPU
		{92EF89AD-2E05-4208-AE92-5EC67437713F}.Debug|Any CPU.Build.0 = Debug|Any CPU
		{92EF89AD-2E05-4208-AE92-5EC67437713F}.Debug|Mixed Platforms.ActiveCfg = Debug|Any CPU
		{92EF89AD-2E05-4208-AE92-5EC67437713F}.Debug|Mixed Platforms.Build.0 = Debug|Any CPU
		{92EF89AD-2E05-4208-AE92-5EC67437713F}.Debug|x64.ActiveCfg = Debug|Any CPU
		{92EF89AD-2E05-4208-AE92-5EC67437713F}.Debug|x64.Build.0 = Debug|Any CPU
		{92EF89AD-2E05-4208-AE92-5EC67437713F}.Debug|x86.ActiveCfg = Debug|Any CPU
		{92EF89AD-2E05-4208-AE92-5EC67437713F}.Debug|x86.Build.0 = Debug|Any CPU
		{92EF89AD-2E05-4208-AE92-5EC67437713F}.Release|Any CPU.ActiveCfg = Release|Any CPU
		{92EF89AD-2E05-4208-AE92-5EC67437713F}.Release|Any CPU.Build.0 = Release|Any CPU
		{92EF89AD-2E05-4208-AE92-5EC67437713F}.Release|Mixed Platforms.ActiveCfg = Release|Any CPU
		{92EF89AD-2E05-4208-AE92-5EC67437713F}.Release|Mixed Platforms.Build.0 = Release|Any CPU
		{92EF89AD-2E05-4208-AE92-5EC67437713F}.Release|x64.ActiveCfg = Release|Any CPU
		{92EF89AD-2E05-4208-AE92-5EC67437713F}.Release|x86.ActiveCfg = Release|Any CPU
		{92EF89AD-2E05-4208-AE92-5EC67437713F}.UnitTest|Any CPU.ActiveCfg = Release|Any CPU
		{92EF89AD-2E05-4208-AE92-5EC67437713F}.UnitTest|Any CPU.Build.0 = Release|Any CPU
		{92EF89AD-2E05-4208-AE92-5EC67437713F}.UnitTest|Mixed Platforms.ActiveCfg = Release|Any CPU
		{92EF89AD-2E05-4208-AE92-5EC67437713F}.UnitTest|Mixed Platforms.Build.0 = Release|Any CPU
		{92EF89AD-2E05-4208-AE92-5EC67437713F}.UnitTest|x64.ActiveCfg = Release|Any CPU
		{92EF89AD-2E05-4208-AE92-5EC67437713F}.UnitTest|x86.ActiveCfg = Release|Any CPU
		{7995D5C2-ED1A-42E4-8CCD-CA0276A50311}.Debug|Any CPU.ActiveCfg = Debug|x86
		{7995D5C2-ED1A-42E4-8CCD-CA0276A50311}.Debug|Mixed Platforms.ActiveCfg = Debug|x86
		{7995D5C2-ED1A-42E4-8CCD-CA0276A50311}.Debug|Mixed Platforms.Build.0 = Debug|x86
		{7995D5C2-ED1A-42E4-8CCD-CA0276A50311}.Debug|x64.ActiveCfg = Debug|x86
		{7995D5C2-ED1A-42E4-8CCD-CA0276A50311}.Debug|x64.Build.0 = Debug|x86
		{7995D5C2-ED1A-42E4-8CCD-CA0276A50311}.Debug|x86.ActiveCfg = Debug|x86
		{7995D5C2-ED1A-42E4-8CCD-CA0276A50311}.Debug|x86.Build.0 = Debug|x86
		{7995D5C2-ED1A-42E4-8CCD-CA0276A50311}.Release|Any CPU.ActiveCfg = Release|x86
		{7995D5C2-ED1A-42E4-8CCD-CA0276A50311}.Release|Mixed Platforms.ActiveCfg = Release|x86
		{7995D5C2-ED1A-42E4-8CCD-CA0276A50311}.Release|Mixed Platforms.Build.0 = Release|x86
		{7995D5C2-ED1A-42E4-8CCD-CA0276A50311}.Release|x64.ActiveCfg = Release|x86
		{7995D5C2-ED1A-42E4-8CCD-CA0276A50311}.Release|x86.ActiveCfg = Release|x86
		{7995D5C2-ED1A-42E4-8CCD-CA0276A50311}.Release|x86.Build.0 = Release|x86
		{7995D5C2-ED1A-42E4-8CCD-CA0276A50311}.UnitTest|Any CPU.ActiveCfg = Release|x86
		{7995D5C2-ED1A-42E4-8CCD-CA0276A50311}.UnitTest|Mixed Platforms.ActiveCfg = Release|x86
		{7995D5C2-ED1A-42E4-8CCD-CA0276A50311}.UnitTest|Mixed Platforms.Build.0 = Release|x86
		{7995D5C2-ED1A-42E4-8CCD-CA0276A50311}.UnitTest|x64.ActiveCfg = Release|x86
		{7995D5C2-ED1A-42E4-8CCD-CA0276A50311}.UnitTest|x86.ActiveCfg = Release|x86
		{7995D5C2-ED1A-42E4-8CCD-CA0276A50311}.UnitTest|x86.Build.0 = Release|x86
		{6910816A-8EB5-4E8F-84CF-FA15FEBDB467}.Debug|Any CPU.ActiveCfg = Debug|Any CPU
		{6910816A-8EB5-4E8F-84CF-FA15FEBDB467}.Debug|Any CPU.Build.0 = Debug|Any CPU
		{6910816A-8EB5-4E8F-84CF-FA15FEBDB467}.Debug|Mixed Platforms.ActiveCfg = Debug|Any CPU
		{6910816A-8EB5-4E8F-84CF-FA15FEBDB467}.Debug|Mixed Platforms.Build.0 = Debug|Any CPU
		{6910816A-8EB5-4E8F-84CF-FA15FEBDB467}.Debug|x64.ActiveCfg = Debug|Any CPU
		{6910816A-8EB5-4E8F-84CF-FA15FEBDB467}.Debug|x86.ActiveCfg = Debug|Any CPU
		{6910816A-8EB5-4E8F-84CF-FA15FEBDB467}.Release|Any CPU.ActiveCfg = Release|Any CPU
		{6910816A-8EB5-4E8F-84CF-FA15FEBDB467}.Release|Any CPU.Build.0 = Release|Any CPU
		{6910816A-8EB5-4E8F-84CF-FA15FEBDB467}.Release|Mixed Platforms.ActiveCfg = Release|Any CPU
		{6910816A-8EB5-4E8F-84CF-FA15FEBDB467}.Release|Mixed Platforms.Build.0 = Release|Any CPU
		{6910816A-8EB5-4E8F-84CF-FA15FEBDB467}.Release|x64.ActiveCfg = Release|Any CPU
		{6910816A-8EB5-4E8F-84CF-FA15FEBDB467}.Release|x86.ActiveCfg = Release|Any CPU
		{6910816A-8EB5-4E8F-84CF-FA15FEBDB467}.UnitTest|Any CPU.ActiveCfg = Debug|Any CPU
		{6910816A-8EB5-4E8F-84CF-FA15FEBDB467}.UnitTest|Any CPU.Build.0 = Debug|Any CPU
		{6910816A-8EB5-4E8F-84CF-FA15FEBDB467}.UnitTest|Mixed Platforms.ActiveCfg = Release|Any CPU
		{6910816A-8EB5-4E8F-84CF-FA15FEBDB467}.UnitTest|Mixed Platforms.Build.0 = Release|Any CPU
		{6910816A-8EB5-4E8F-84CF-FA15FEBDB467}.UnitTest|x64.ActiveCfg = Release|Any CPU
		{6910816A-8EB5-4E8F-84CF-FA15FEBDB467}.UnitTest|x86.ActiveCfg = Release|Any CPU
	EndGlobalSection
	GlobalSection(SolutionProperties) = preSolution
		HideSolutionNode = FALSE
	EndGlobalSection
	GlobalSection(Performance) = preSolution
		HasPerformanceSessions = true
	EndGlobalSection
EndGlobal
